// !$*UTF8*$!
{
	archiveVersion = 1;
	classes = {
	};
	objectVersion = 46;
	objects = {

/* Begin PBXBuildFile section */
		3BFB8E451C43BFEB00209CCD /* main.m in Sources */ = {isa = PBXBuildFile; fileRef = 3BFB8E441C43BFEB00209CCD /* main.m */; };
		3BFB8E4D1C43C00400209CCD /* Person.m in Sources */ = {isa = PBXBuildFile; fileRef = 3BFB8E4C1C43C00400209CCD /* Person.m */; };
		3BFB8E501C43C89D00209CCD /* OtherPerson.m in Sources */ = {isa = PBXBuildFile; fileRef = 3BFB8E4F1C43C89D00209CCD /* OtherPerson.m */; };
/* End PBXBuildFile section */

/* Begin PBXCopyFilesBuildPhase section */
		3BFB8E3F1C43BFEA00209CCD /* CopyFiles */ = {
			isa = PBXCopyFilesBuildPhase;
			buildActionMask = 2147483647;
			dstPath = /usr/share/man/man1/;
			dstSubfolderSpec = 0;
			files = (
			);
			runOnlyForDeploymentPostprocessing = 1;
		};
/* End PBXCopyFilesBuildPhase section */

/* Begin PBXFileReference section */
		3BFB8E411C43BFEA00209CCD /* RuntimeTest1 */ = {isa = PBXFileReference; explicitFileType = "compiled.mach-o.executable"; includeInIndex = 0; path = RuntimeTest1; sourceTree = BUILT_PRODUCTS_DIR; };
		3BFB8E441C43BFEB00209CCD /* main.m */ = {isa = PBXFileReference; lastKnownFileType = sourcecode.c.objc; path = main.m; sourceTree = "<group>"; };
		3BFB8E4B1C43C00400209CCD /* Person.h */ = {isa = PBXFileReference; fileEncoding = 4; lastKnownFileType = sourcecode.c.h; path = Person.h; sourceTree = "<group>"; };
		3BFB8E4C1C43C00400209CCD /* Person.m */ = {isa = PBXFileReference; fileEncoding = 4; lastKnownFileType = sourcecode.c.objc; path = Person.m; sourceTree = "<group>"; };
		3BFB8E4E1C43C89D00209CCD /* OtherPerson.h */ = {isa = PBXFileReference; fileEncoding = 4; lastKnownFileType = sourcecode.c.h; path = OtherPerson.h; sourceTree = "<group>"; };
		3BFB8E4F1C43C89D00209CCD /* OtherPerson.m */ = {isa = PBXFileReference; fileEncoding = 4; lastKnownFileType = sourcecode.c.objc; path = OtherPerson.m; sourceTree = "<group>"; };
/* End PBXFileReference section */

/* Begin PBXFrameworksBuildPhase section */
		3BFB8E3E1C43BFEA00209CCD /* Frameworks */ = {
			isa = PBXFrameworksBuildPhase;
			buildActionMask = 2147483647;
			files = (
			);
			runOnlyForDeploymentPostprocessing = 0;
		};
/* End PBXFrameworksBuildPhase section */

/* Begin PBXGroup section */
		3BFB8E381C43BFEA00209CCD = {
			isa = PBXGroup;
			children = (
				3BFB8E431C43BFEA00209CCD /* RuntimeTest1 */,
				3BFB8E421C43BFEA00209CCD /* Products */,
			);
			sourceTree = "<group>";
		};
		3BFB8E421C43BFEA00209CCD /* Products */ = {
			isa = PBXGroup;
			children = (
				3BFB8E411C43BFEA00209CCD /* RuntimeTest1 */,
			);
			name = Products;
			sourceTree = "<group>";
		};
		3BFB8E431C43BFEA00209CCD /* RuntimeTest1 */ = {
			isa = PBXGroup;
			children = (
				3BFB8E441C43BFEB00209CCD /* main.m */,
				3BFB8E4B1C43C00400209CCD /* Person.h */,
				3BFB8E4C1C43C00400209CCD /* Person.m */,
				3BFB8E4E1C43C89D00209CCD /* OtherPerson.h */,
				3BFB8E4F1C43C89D00209CCD /* OtherPerson.m */,
			);
			path = RuntimeTest1;
			sourceTree = "<group>";
		};
/* End PBXGroup section */

/* Begin PBXNativeTarget section */
		3BFB8E401C43BFEA00209CCD /* RuntimeTest1 */ = {
			isa = PBXNativeTarget;
			buildConfigurationList = 3BFB8E481C43BFEB00209CCD /* Build configuration list for PBXNativeTarget "RuntimeTest1" */;
			buildPhases = (
				3BFB8E3D1C43BFEA00209CCD /* Sources */,
				3BFB8E3E1C43BFEA00209CCD /* Frameworks */,
				3BFB8E3F1C43BFEA00209CCD /* CopyFiles */,
			);
			buildRules = (
			);
			dependencies = (
			);
			name = RuntimeTest1;
			productName = RuntimeTest1;
			productReference = 3BFB8E411C43BFEA00209CCD /* RuntimeTest1 */;
			productType = "com.apple.product-type.tool";
		};
/* End PBXNativeTarget section */

/* Begin PBXProject section */
		3BFB8E391C43BFEA00209CCD /* Project object */ = {
			isa = PBXProject;
			attributes = {
				LastUpgradeCheck = 0720;
				ORGANIZATIONNAME = HEYANG;
				TargetAttributes = {
					3BFB8E401C43BFEA00209CCD = {
						CreatedOnToolsVersion = 7.2;
					};
				};
			};
			buildConfigurationList = 3BFB8E3C1C43BFEA00209CCD /* Build configuration list for PBXProject "RuntimeTest1" */;
			compatibilityVersion = "Xcode 3.2";
			developmentRegion = English;
			hasScannedForEncodings = 0;
			knownRegions = (
				en,
			);
			mainGroup = 3BFB8E381C43BFEA00209CCD;
			productRefGroup = 3BFB8E421C43BFEA00209CCD /* Products */;
			projectDirPath = "";
			projectRoot = "";
			targets = (
				3BFB8E401C43BFEA00209CCD /* RuntimeTest1 */,
			);
		};
/* End PBXProject section */

/* Begin PBXSourcesBuildPhase section */
		3BFB8E3D1C43BFEA00209CCD /* Sources */ = {
			isa = PBXSourcesBuildPhase;
			buildActionMask = 2147483647;
			files = (
				3BFB8E501C43C89D00209CCD /* OtherPerson.m in Sources */,
				3BFB8E4D1C43C00400209CCD /* Person.m in Sources */,
				3BFB8E451C43BFEB00209CCD /* main.m in Sources */,
			);
			runOnlyForDeploymentPostprocessing = 0;
		};
/* End PBXSourcesBuildPhase section */

/* Begin XCBuildConfiguration section */
		3BFB8E461C43BFEB00209CCD /* Debug */ = {
			isa = XCBuildConfiguration;
			buildSettings = {
				ALWAYS_SEARCH_USER_PATHS = NO;
				CLANG_CXX_LANGUAGE_STANDARD = "gnu++0x";
				CLANG_CXX_LIBRARY = "libc++";
				CLANG_ENABLE_MODULES = YES;
				CLANG_ENABLE_OBJC_ARC = YES;
				CLANG_WARN_BOOL_CONVERSION = YES;
				CLANG_WARN_CONSTANT_CONVERSION = YES;
				CLANG_WARN_DIRECT_OBJC_ISA_USAGE = YES_ERROR;
				CLANG_WARN_EMPTY_BODY = YES;
				CLANG_WARN_ENUM_CONVERSION = YES;
				CLANG_WARN_INT_CONVERSION = YES;
				CLANG_WARN_OBJC_ROOT_CLASS = YES_ERROR;
				CLANG_WARN_UNREACHABLE_CODE = YES;
				CLANG_WARN__DUPLICATE_METHOD_MATCH = YES;
				CODE_SIGN_IDENTITY = "-";
				COPY_PHASE_STRIP = NO;
				DEBUG_INFORMATION_FORMAT = dwarf;
				ENABLE_STRICT_OBJC_MSGSEND = YES;
				ENABLE_TESTABILITY = YES;
				GCC_C_LANGUAGE_STANDARD = gnu99;
				GCC_DYNAMIC_NO_PIC = NO;
				GCC_NO_COMMON_BLOCKS = YES;
				GCC_OPTIMIZATION_LEVEL = 0;
				GCC_PREPROCESSOR_DEFINITIONS = (
					"DEBUG=1",
					"$(inherited)",
				);
				GCC_WARN_64_TO_32_BIT_CONVERSION = YES;
				GCC_WARN_ABOUT_RETURN_TYPE = YES_ERROR;
				GCC_WARN_UNDECLARED_SELECTOR = YES;
				GCC_WARN_UNINITIALIZED_AUTOS = YES_AGGRESSIVE;
				GCC_WARN_UNUSED_FUNCTION = YES;
				GCC_WARN_UNUSED_VARIABLE = YES;
				MACOSX_DEPLOYMENT_TARGET = 10.11;
				MTL_ENABLE_DEBUG_INFO = YES;
				ONLY_ACTIVE_ARCH = YES;
				SDKROOT = macosx;
			};
			name = Debug;
		};
		3BFB8E471C43BFEB00209CCD /* Release */ = {
			isa = XCBuildConfiguration;
			buildSettings = {
				ALWAYS_SEARCH_USER_PATHS = NO;
				CLANG_CXX_LANGUAGE_STANDARD = "gnu++0x";
				CLANG_CXX_LIBRARY = "libc++";
				CLANG_ENABLE_MODULES = YES;
				CLANG_ENABLE_OBJC_ARC = YES;
				CLANG_WARN_BOOL_CONVERSION = YES;
				CLANG_WARN_CONSTANT_CONVERSION = YES;
				CLANG_WARN_DIRECT_OBJC_ISA_USAGE = YES_ERROR;
				CLANG_WARN_EMPTY_BODY = YES;
				CLANG_WARN_ENUM_CONVERSION = YES;
				CLANG_WARN_INT_CONVERSION = YES;
				CLANG_WARN_OBJC_ROOT_CLASS = YES_ERROR;
				CLANG_WARN_UNREACHABLE_CODE = YES;
				CLANG_WARN__DUPLICATE_METHOD_MATCH = YES;
				CODE_SIGN_IDENTITY = "-";
				COPY_PHASE_STRIP = NO;
				DEBUG_INFORMATION_FORMAT = "dwarf-with-dsym";
				ENABLE_NS_ASSERTIONS = NO;
				ENABLE_STRICT_OBJC_MSGSEND = YES;
				GCC_C_LANGUAGE_STANDARD = gnu99;
				GCC_NO_COMMON_BLOCKS = YES;
				GCC_WARN_64_TO_32_BIT_CONVERSION = YES;
				GCC_WARN_ABOUT_RETURN_TYPE = YES_ERROR;
				GCC_WARN_UNDECLARED_SELECTOR = YES;
				GCC_WARN_UNINITIALIZED_AUTOS = YES_AGGRESSIVE;
				GCC_WARN_UNUSED_FUNCTION = YES;
				GCC_WARN_UNUSED_VARIABLE = YES;
				MACOSX_DEPLOYMENT_TARGET = 10.11;
				MTL_ENABLE_DEBUG_INFO = NO;
				SDKROOT = macosx;
			};
			name = Release;
		};
		3BFB8E491C43BFEB00209CCD /* Debug */ = {
			isa = XCBuildConfiguration;
			buildSettings = {
				ENABLE_STRICT_OBJC_MSGSEND = NO;
				PRODUCT_NAME = "$(TARGET_NAME)";
			};
			name = Debug;
		};
		3BFB8E4A1C43BFEB00209CCD /* Release */ = {
			isa = XCBuildConfiguration;
			buildSettings = {
				ENABLE_STRICT_OBJC_MSGSEND = NO;
				PRODUCT_NAME = "$(TARGET_NAME)";
			};
			name = Release;
		};
/* End XCBuildConfiguration section */

/* Begin XCConfigurationList section */
		3BFB8E3C1C43BFEA00209CCD /* Build configuration list for PBXProject "RuntimeTest1" */ = {
			isa = XCConfigurationList;
			buildConfigurations = (
				3BFB8E461C43BFEB00209CCD /* Debug */,
				3BFB8E471C43BFEB00209CCD /* Release */,
			);
			defaultConfigurationIsVisible = 0;
			defaultConfigurationName = Release;
		};
		3BFB8E481C43BFEB00209CCD /* Build configuration list for PBXNativeTarget "RuntimeTest1" */ = {
			isa = XCConfigurationList;
			buildConfigurations = (
				3BFB8E491C43BFEB00209CCD /* Debug */,
				3BFB8E4A1C43BFEB00209CCD /* Release */,
			);
			defaultConfigurationIsVisible = 0;
		};
/* End XCConfigurationList section */
	};
	rootObject = 3BFB8E391C43BFEA00209CCD /* Project object */;
}
